
Microsoft Visual Studio Solution File, Format Version 12.00
# Visual Studio 15
VisualStudioVersion = 15.0.28010.2036
MinimumVisualStudioVersion = 10.0.40219.1
Project("{FAE04EC0-301F-11D3-BF4B-00C04F79EFBC}") = "Royals.Common", "Royals.Common\Royals.Common.csproj", "{7E69791B-71C5-40E5-A899-BA0D72605171}"
EndProject
Project("{FAE04EC0-301F-11D3-BF4B-00C04F79EFBC}") = "Royals.Model", "Royals.Model\Royals.Model.csproj", "{D4FA13B0-8035-4965-BB4A-19D457D67945}"
EndProject
Project("{FAE04EC0-301F-11D3-BF4B-00C04F79EFBC}") = "Royals.Service", "Royals.Service\Royals.Service.csproj", "{368072E1-4A89-4FC1-B7E7-A7D365B0C801}"
EndProject
Project("{FAE04EC0-301F-11D3-BF4B-00C04F79EFBC}") = "Royals.UnitTest", "Royals.UnitTest\Royals.UnitTest.csproj", "{D13930CA-E48E-4318-97A5-887D5827832A}"
EndProject
Project("{FAE04EC0-301F-11D3-BF4B-00C04F79EFBC}") = "Royals.Web", "Royals.Web\Royals.Web.csproj", "{9F4B7E10-0C08-432F-8567-880BD05AD3C6}"
EndProject
Project("{FAE04EC0-301F-11D3-BF4B-00C04F79EFBC}") = "Royals.Data", "Royals.Data\Royals.Data.csproj", "{E0BF1737-C194-400B-96A9-D53634DC169D}"
EndProject
Global
	GlobalSection(SolutionConfigurationPlatforms) = preSolution
		Debug|Any CPU = Debug|Any CPU
		Release|Any CPU = Release|Any CPU
	EndGlobalSection
	GlobalSection(ProjectConfigurationPlatforms) = postSolution
		{7E69791B-71C5-40E5-A899-BA0D72605171}.Debug|Any CPU.ActiveCfg = Debug|Any CPU
		{7E69791B-71C5-40E5-A899-BA0D72605171}.Debug|Any CPU.Build.0 = Debug|Any CPU
		{7E69791B-71C5-40E5-A899-BA0D72605171}.Release|Any CPU.ActiveCfg = Release|Any CPU
		{7E69791B-71C5-40E5-A899-BA0D72605171}.Release|Any CPU.Build.0 = Release|Any CPU
		{D4FA13B0-8035-4965-BB4A-19D457D67945}.Debug|Any CPU.ActiveCfg = Debug|Any CPU
		{D4FA13B0-8035-4965-BB4A-19D457D67945}.Debug|Any CPU.Build.0 = Debug|Any CPU
		{D4FA13B0-8035-4965-BB4A-19D457D67945}.Release|Any CPU.ActiveCfg = Release|Any CPU
		{D4FA13B0-8035-4965-BB4A-19D457D67945}.Release|Any CPU.Build.0 = Release|Any CPU
		{368072E1-4A89-4FC1-B7E7-A7D365B0C801}.Debug|Any CPU.ActiveCfg = Debug|Any CPU
		{368072E1-4A89-4FC1-B7E7-A7D365B0C801}.Debug|Any CPU.Build.0 = Debug|Any CPU
		{368072E1-4A89-4FC1-B7E7-A7D365B0C801}.Release|Any CPU.ActiveCfg = Release|Any CPU
		{368072E1-4A89-4FC1-B7E7-A7D365B0C801}.Release|Any CPU.Build.0 = Release|Any CPU
		{D13930CA-E48E-4318-97A5-887D5827832A}.Debug|Any CPU.ActiveCfg = Debug|Any CPU
		{D13930CA-E48E-4318-97A5-887D5827832A}.Debug|Any CPU.Build.0 = Debug|Any CPU
		{D13930CA-E48E-4318-97A5-887D5827832A}.Release|Any CPU.ActiveCfg = Release|Any CPU
		{D13930CA-E48E-4318-97A5-887D5827832A}.Release|Any CPU.Build.0 = Release|Any CPU
		{9F4B7E10-0C08-432F-8567-880BD05AD3C6}.Debug|Any CPU.ActiveCfg = Debug|Any CPU
		{9F4B7E10-0C08-432F-8567-880BD05AD3C6}.Debug|Any CPU.Build.0 = Debug|Any CPU
		{9F4B7E10-0C08-432F-8567-880BD05AD3C6}.Release|Any CPU.ActiveCfg = Release|Any CPU
		{9F4B7E10-0C08-432F-8567-880BD05AD3C6}.Release|Any CPU.Build.0 = Release|Any CPU
		{E0BF1737-C194-400B-96A9-D53634DC169D}.Debug|Any CPU.ActiveCfg = Debug|Any CPU
		{E0BF1737-C194-400B-96A9-D53634DC169D}.Debug|Any CPU.Build.0 = Debug|Any CPU
		{E0BF1737-C194-400B-96A9-D53634DC169D}.Release|Any CPU.ActiveCfg = Release|Any CPU
		{E0BF1737-C194-400B-96A9-D53634DC169D}.Release|Any CPU.Build.0 = Release|Any CPU
	EndGlobalSection
	GlobalSection(SolutionProperties) = preSolution
		HideSolutionNode = FALSE
	EndGlobalSection
	GlobalSection(ExtensibilityGlobals) = postSolution
		SolutionGuid = {123F71A7-C41D-4982-81F3-3B570DC21A87}
	EndGlobalSection
EndGlobal
